// !$*UTF8*$!
{
	archiveVersion = 1;
	classes = {
	};
	objectVersion = 56;
	objects = {

/* Begin PBXBuildFile section */
		521A9C012BAA00CC0072C867 /* Resouces.swift in Sources */ = {isa = PBXBuildFile; fileRef = 521A9C002BAA00CC0072C867 /* Resouces.swift */; };
		521A9C032BAA01060072C867 /* UIColor + ext.swift in Sources */ = {isa = PBXBuildFile; fileRef = 521A9C022BAA01060072C867 /* UIColor + ext.swift */; };
		521A9C0B2BAA08EE0072C867 /* Inter-SemiBold.ttf in Resources */ = {isa = PBXBuildFile; fileRef = 521A9C072BAA08ED0072C867 /* Inter-SemiBold.ttf */; };
		521A9C0C2BAA08EE0072C867 /* Inter-Regular.ttf in Resources */ = {isa = PBXBuildFile; fileRef = 521A9C082BAA08ED0072C867 /* Inter-Regular.ttf */; };
		521A9C0D2BAA08EE0072C867 /* Inter-Bold.ttf in Resources */ = {isa = PBXBuildFile; fileRef = 521A9C092BAA08EE0072C867 /* Inter-Bold.ttf */; };
		521A9C0E2BAA08EE0072C867 /* Inter-Medium.ttf in Resources */ = {isa = PBXBuildFile; fileRef = 521A9C0A2BAA08EE0072C867 /* Inter-Medium.ttf */; };
		521A9C142BAA49400072C867 /* EmptyUserCard.swift in Sources */ = {isa = PBXBuildFile; fileRef = 521A9C132BAA49400072C867 /* EmptyUserCard.swift */; };
		521A9C162BAA498A0072C867 /* UserCard.swift in Sources */ = {isa = PBXBuildFile; fileRef = 521A9C152BAA498A0072C867 /* UserCard.swift */; };
		521A9C192BAA4D800072C867 /* UsersData.swift in Sources */ = {isa = PBXBuildFile; fileRef = 521A9C182BAA4D800072C867 /* UsersData.swift */; };
		521A9C1B2BAA4DB50072C867 /* APIManager.swift in Sources */ = {isa = PBXBuildFile; fileRef = 521A9C1A2BAA4DB50072C867 /* APIManager.swift */; };
		521A9C1D2BAA50600072C867 /* UserCardTableViewCell.swift in Sources */ = {isa = PBXBuildFile; fileRef = 521A9C1C2BAA50600072C867 /* UserCardTableViewCell.swift */; };
		521A9C212BAB0D290072C867 /* NavBarView.swift in Sources */ = {isa = PBXBuildFile; fileRef = 521A9C202BAB0D290072C867 /* NavBarView.swift */; };
		521A9C232BAB0E0F0072C867 /* CategoryCell.swift in Sources */ = {isa = PBXBuildFile; fileRef = 521A9C222BAB0E0F0072C867 /* CategoryCell.swift */; };
		521A9C252BAB82AF0072C867 /* SearchView.swift in Sources */ = {isa = PBXBuildFile; fileRef = 521A9C242BAB82AF0072C867 /* SearchView.swift */; };
		521A9C282BAB8DB00072C867 /* Filter.swift in Sources */ = {isa = PBXBuildFile; fileRef = 521A9C272BAB8DB00072C867 /* Filter.swift */; };
		521A9C2A2BAB8DCA0072C867 /* DateFunc.swift in Sources */ = {isa = PBXBuildFile; fileRef = 521A9C292BAB8DCA0072C867 /* DateFunc.swift */; };
		521A9C2C2BAC993C0072C867 /* FilterController.swift in Sources */ = {isa = PBXBuildFile; fileRef = 521A9C2B2BAC993C0072C867 /* FilterController.swift */; };
		521A9C2E2BACA94F0072C867 /* UserCardController.swift in Sources */ = {isa = PBXBuildFile; fileRef = 521A9C2D2BACA94F0072C867 /* UserCardController.swift */; };
		521A9C302BACC83D0072C867 /* UserNotFindedView.swift in Sources */ = {isa = PBXBuildFile; fileRef = 521A9C2F2BACC83D0072C867 /* UserNotFindedView.swift */; };
		52DB39AA2BA79CD000DF1BDD /* AppDelegate.swift in Sources */ = {isa = PBXBuildFile; fileRef = 52DB39A92BA79CD000DF1BDD /* AppDelegate.swift */; };
		52DB39AC2BA79CD000DF1BDD /* SceneDelegate.swift in Sources */ = {isa = PBXBuildFile; fileRef = 52DB39AB2BA79CD000DF1BDD /* SceneDelegate.swift */; };
		52DB39AE2BA79CD000DF1BDD /* ViewController.swift in Sources */ = {isa = PBXBuildFile; fileRef = 52DB39AD2BA79CD000DF1BDD /* ViewController.swift */; };
		52DB39B32BA79CD200DF1BDD /* Assets.xcassets in Resources */ = {isa = PBXBuildFile; fileRef = 52DB39B22BA79CD200DF1BDD /* Assets.xcassets */; };
		52DB39B62BA79CD200DF1BDD /* LaunchScreen.storyboard in Resources */ = {isa = PBXBuildFile; fileRef = 52DB39B42BA79CD200DF1BDD /* LaunchScreen.storyboard */; };
		52DB39BF2BA7A75800DF1BDD /* BaseController.swift in Sources */ = {isa = PBXBuildFile; fileRef = 52DB39BE2BA7A75800DF1BDD /* BaseController.swift */; };
		52DB39C12BA7A78300DF1BDD /* BaseView.swift in Sources */ = {isa = PBXBuildFile; fileRef = 52DB39C02BA7A78300DF1BDD /* BaseView.swift */; };
/* End PBXBuildFile section */

/* Begin PBXFileReference section */
		521A9C002BAA00CC0072C867 /* Resouces.swift */ = {isa = PBXFileReference; lastKnownFileType = sourcecode.swift; path = Resouces.swift; sourceTree = "<group>"; };
		521A9C022BAA01060072C867 /* UIColor + ext.swift */ = {isa = PBXFileReference; lastKnownFileType = sourcecode.swift; path = "UIColor + ext.swift"; sourceTree = "<group>"; };
		521A9C072BAA08ED0072C867 /* Inter-SemiBold.ttf */ = {isa = PBXFileReference; lastKnownFileType = file; path = "Inter-SemiBold.ttf"; sourceTree = "<group>"; };
		521A9C082BAA08ED0072C867 /* Inter-Regular.ttf */ = {isa = PBXFileReference; lastKnownFileType = file; path = "Inter-Regular.ttf"; sourceTree = "<group>"; };
		521A9C092BAA08EE0072C867 /* Inter-Bold.ttf */ = {isa = PBXFileReference; lastKnownFileType = file; path = "Inter-Bold.ttf"; sourceTree = "<group>"; };
		521A9C0A2BAA08EE0072C867 /* Inter-Medium.ttf */ = {isa = PBXFileReference; lastKnownFileType = file; path = "Inter-Medium.ttf"; sourceTree = "<group>"; };
		521A9C132BAA49400072C867 /* EmptyUserCard.swift */ = {isa = PBXFileReference; lastKnownFileType = sourcecode.swift; path = EmptyUserCard.swift; sourceTree = "<group>"; };
		521A9C152BAA498A0072C867 /* UserCard.swift */ = {isa = PBXFileReference; lastKnownFileType = sourcecode.swift; path = UserCard.swift; sourceTree = "<group>"; };
		521A9C182BAA4D800072C867 /* UsersData.swift */ = {isa = PBXFileReference; lastKnownFileType = sourcecode.swift; path = UsersData.swift; sourceTree = "<group>"; };
		521A9C1A2BAA4DB50072C867 /* APIManager.swift */ = {isa = PBXFileReference; lastKnownFileType = sourcecode.swift; path = APIManager.swift; sourceTree = "<group>"; };
		521A9C1C2BAA50600072C867 /* UserCardTableViewCell.swift */ = {isa = PBXFileReference; lastKnownFileType = sourcecode.swift; path = UserCardTableViewCell.swift; sourceTree = "<group>"; };
		521A9C202BAB0D290072C867 /* NavBarView.swift */ = {isa = PBXFileReference; lastKnownFileType = sourcecode.swift; path = NavBarView.swift; sourceTree = "<group>"; };
		521A9C222BAB0E0F0072C867 /* CategoryCell.swift */ = {isa = PBXFileReference; lastKnownFileType = sourcecode.swift; path = CategoryCell.swift; sourceTree = "<group>"; };
		521A9C242BAB82AF0072C867 /* SearchView.swift */ = {isa = PBXFileReference; lastKnownFileType = sourcecode.swift; path = SearchView.swift; sourceTree = "<group>"; };
		521A9C272BAB8DB00072C867 /* Filter.swift */ = {isa = PBXFileReference; lastKnownFileType = sourcecode.swift; path = Filter.swift; sourceTree = "<group>"; };
		521A9C292BAB8DCA0072C867 /* DateFunc.swift */ = {isa = PBXFileReference; lastKnownFileType = sourcecode.swift; path = DateFunc.swift; sourceTree = "<group>"; };
		521A9C2B2BAC993C0072C867 /* FilterController.swift */ = {isa = PBXFileReference; lastKnownFileType = sourcecode.swift; path = FilterController.swift; sourceTree = "<group>"; };
		521A9C2D2BACA94F0072C867 /* UserCardController.swift */ = {isa = PBXFileReference; lastKnownFileType = sourcecode.swift; path = UserCardController.swift; sourceTree = "<group>"; };
		521A9C2F2BACC83D0072C867 /* UserNotFindedView.swift */ = {isa = PBXFileReference; lastKnownFileType = sourcecode.swift; path = UserNotFindedView.swift; sourceTree = "<group>"; };
		52DB39A62BA79CD000DF1BDD /* KODE.app */ = {isa = PBXFileReference; explicitFileType = wrapper.application; includeInIndex = 0; path = KODE.app; sourceTree = BUILT_PRODUCTS_DIR; };
		52DB39A92BA79CD000DF1BDD /* AppDelegate.swift */ = {isa = PBXFileReference; lastKnownFileType = sourcecode.swift; path = AppDelegate.swift; sourceTree = "<group>"; };
		52DB39AB2BA79CD000DF1BDD /* SceneDelegate.swift */ = {isa = PBXFileReference; lastKnownFileType = sourcecode.swift; path = SceneDelegate.swift; sourceTree = "<group>"; };
		52DB39AD2BA79CD000DF1BDD /* ViewController.swift */ = {isa = PBXFileReference; lastKnownFileType = sourcecode.swift; path = ViewController.swift; sourceTree = "<group>"; };
		52DB39B22BA79CD200DF1BDD /* Assets.xcassets */ = {isa = PBXFileReference; lastKnownFileType = folder.assetcatalog; path = Assets.xcassets; sourceTree = "<group>"; };
		52DB39B52BA79CD200DF1BDD /* Base */ = {isa = PBXFileReference; lastKnownFileType = file.storyboard; name = Base; path = Base.lproj/LaunchScreen.storyboard; sourceTree = "<group>"; };
		52DB39B72BA79CD200DF1BDD /* Info.plist */ = {isa = PBXFileReference; lastKnownFileType = text.plist.xml; path = Info.plist; sourceTree = "<group>"; };
		52DB39BE2BA7A75800DF1BDD /* BaseController.swift */ = {isa = PBXFileReference; lastKnownFileType = sourcecode.swift; path = BaseController.swift; sourceTree = "<group>"; };
		52DB39C02BA7A78300DF1BDD /* BaseView.swift */ = {isa = PBXFileReference; lastKnownFileType = sourcecode.swift; path = BaseView.swift; sourceTree = "<group>"; };
/* End PBXFileReference section */

/* Begin PBXFrameworksBuildPhase section */
		52DB39A32BA79CD000DF1BDD /* Frameworks */ = {
			isa = PBXFrameworksBuildPhase;
			buildActionMask = 2147483647;
			files = (
			);
			runOnlyForDeploymentPostprocessing = 0;
		};
/* End PBXFrameworksBuildPhase section */

/* Begin PBXGroup section */
		521A9C042BAA012C0072C867 /* Helpers */ = {
			isa = PBXGroup;
			children = (
				521A9C002BAA00CC0072C867 /* Resouces.swift */,
				521A9C052BAA013D0072C867 /* Extensions */,
			);
			path = Helpers;
			sourceTree = "<group>";
		};
		521A9C052BAA013D0072C867 /* Extensions */ = {
			isa = PBXGroup;
			children = (
				521A9C022BAA01060072C867 /* UIColor + ext.swift */,
			);
			path = Extensions;
			sourceTree = "<group>";
		};
		521A9C062BAA08500072C867 /* Fonts */ = {
			isa = PBXGroup;
			children = (
				521A9C092BAA08EE0072C867 /* Inter-Bold.ttf */,
				521A9C0A2BAA08EE0072C867 /* Inter-Medium.ttf */,
				521A9C082BAA08ED0072C867 /* Inter-Regular.ttf */,
				521A9C072BAA08ED0072C867 /* Inter-SemiBold.ttf */,
			);
			path = Fonts;
			sourceTree = "<group>";
		};
		521A9C172BAA4D640072C867 /* UserCard */ = {
			isa = PBXGroup;
			children = (
				521A9C1C2BAA50600072C867 /* UserCardTableViewCell.swift */,
				521A9C132BAA49400072C867 /* EmptyUserCard.swift */,
				521A9C152BAA498A0072C867 /* UserCard.swift */,
			);
			path = UserCard;
			sourceTree = "<group>";
		};
		521A9C1F2BAB08E10072C867 /* Applicatiom */ = {
			isa = PBXGroup;
			children = (
				52DB39A92BA79CD000DF1BDD /* AppDelegate.swift */,
				52DB39AB2BA79CD000DF1BDD /* SceneDelegate.swift */,
			);
			path = Applicatiom;
			sourceTree = "<group>";
		};
		521A9C262BAB82B40072C867 /* NavBar */ = {
			isa = PBXGroup;
			children = (
				521A9C202BAB0D290072C867 /* NavBarView.swift */,
				521A9C242BAB82AF0072C867 /* SearchView.swift */,
				521A9C222BAB0E0F0072C867 /* CategoryCell.swift */,
			);
			path = NavBar;
			sourceTree = "<group>";
		};
		52DB399D2BA79CD000DF1BDD = {
			isa = PBXGroup;
			children = (
				52DB39A82BA79CD000DF1BDD /* KODE */,
				52DB39A72BA79CD000DF1BDD /* Products */,
			);
			sourceTree = "<group>";
		};
		52DB39A72BA79CD000DF1BDD /* Products */ = {
			isa = PBXGroup;
			children = (
				52DB39A62BA79CD000DF1BDD /* KODE.app */,
			);
			name = Products;
			sourceTree = "<group>";
		};
		52DB39A82BA79CD000DF1BDD /* KODE */ = {
			isa = PBXGroup;
			children = (
				521A9C1F2BAB08E10072C867 /* Applicatiom */,
				521A9C042BAA012C0072C867 /* Helpers */,
				52DB39C22BA7A79300DF1BDD /* Base */,
				52DB39AD2BA79CD000DF1BDD /* ViewController.swift */,
				521A9C2D2BACA94F0072C867 /* UserCardController.swift */,
				521A9C2F2BACC83D0072C867 /* UserNotFindedView.swift */,
				521A9C2B2BAC993C0072C867 /* FilterController.swift */,
				521A9C272BAB8DB00072C867 /* Filter.swift */,
				521A9C292BAB8DCA0072C867 /* DateFunc.swift */,
				521A9C182BAA4D800072C867 /* UsersData.swift */,
				521A9C262BAB82B40072C867 /* NavBar */,
				521A9C1A2BAA4DB50072C867 /* APIManager.swift */,
				52DB39BD2BA79D8500DF1BDD /* SupportingFiles */,
				521A9C172BAA4D640072C867 /* UserCard */,
			);
			path = KODE;
			sourceTree = "<group>";
		};
		52DB39BD2BA79D8500DF1BDD /* SupportingFiles */ = {
			isa = PBXGroup;
			children = (
				521A9C062BAA08500072C867 /* Fonts */,
				52DB39B22BA79CD200DF1BDD /* Assets.xcassets */,
				52DB39B42BA79CD200DF1BDD /* LaunchScreen.storyboard */,
				52DB39B72BA79CD200DF1BDD /* Info.plist */,
			);
			path = SupportingFiles;
			sourceTree = "<group>";
		};
		52DB39C22BA7A79300DF1BDD /* Base */ = {
			isa = PBXGroup;
			children = (
				52DB39BE2BA7A75800DF1BDD /* BaseController.swift */,
				52DB39C02BA7A78300DF1BDD /* BaseView.swift */,
			);
			path = Base;
			sourceTree = "<group>";
		};
/* End PBXGroup section */

/* Begin PBXNativeTarget section */
		52DB39A52BA79CD000DF1BDD /* KODE */ = {
			isa = PBXNativeTarget;
			buildConfigurationList = 52DB39BA2BA79CD200DF1BDD /* Build configuration list for PBXNativeTarget "KODE" */;
			buildPhases = (
				52DB39A22BA79CD000DF1BDD /* Sources */,
				52DB39A32BA79CD000DF1BDD /* Frameworks */,
				52DB39A42BA79CD000DF1BDD /* Resources */,
			);
			buildRules = (
			);
			dependencies = (
			);
			name = KODE;
			productName = KODE;
			productReference = 52DB39A62BA79CD000DF1BDD /* KODE.app */;
			productType = "com.apple.product-type.application";
		};
/* End PBXNativeTarget section */

/* Begin PBXProject section */
		52DB399E2BA79CD000DF1BDD /* Project object */ = {
			isa = PBXProject;
			attributes = {
				BuildIndependentTargetsInParallel = 1;
				LastSwiftUpdateCheck = 1500;
				LastUpgradeCheck = 1500;
				TargetAttributes = {
					52DB39A52BA79CD000DF1BDD = {
						CreatedOnToolsVersion = 15.0.1;
					};
				};
			};
			buildConfigurationList = 52DB39A12BA79CD000DF1BDD /* Build configuration list for PBXProject "KODE" */;
			compatibilityVersion = "Xcode 14.0";
			developmentRegion = en;
			hasScannedForEncodings = 0;
			knownRegions = (
				en,
				Base,
			);
			mainGroup = 52DB399D2BA79CD000DF1BDD;
			productRefGroup = 52DB39A72BA79CD000DF1BDD /* Products */;
			projectDirPath = "";
			projectRoot = "";
			targets = (
				52DB39A52BA79CD000DF1BDD /* KODE */,
			);
		};
/* End PBXProject section */

/* Begin PBXResourcesBuildPhase section */
		52DB39A42BA79CD000DF1BDD /* Resources */ = {
			isa = PBXResourcesBuildPhase;
			buildActionMask = 2147483647;
			files = (
				521A9C0B2BAA08EE0072C867 /* Inter-SemiBold.ttf in Resources */,
				521A9C0D2BAA08EE0072C867 /* Inter-Bold.ttf in Resources */,
				521A9C0E2BAA08EE0072C867 /* Inter-Medium.ttf in Resources */,
				52DB39B62BA79CD200DF1BDD /* LaunchScreen.storyboard in Resources */,
				521A9C0C2BAA08EE0072C867 /* Inter-Regular.ttf in Resources */,
				52DB39B32BA79CD200DF1BDD /* Assets.xcassets in Resources */,
			);
			runOnlyForDeploymentPostprocessing = 0;
		};
/* End PBXResourcesBuildPhase section */

/* Begin PBXSourcesBuildPhase section */
		52DB39A22BA79CD000DF1BDD /* Sources */ = {
			isa = PBXSourcesBuildPhase;
			buildActionMask = 2147483647;
			files = (
				52DB39AE2BA79CD000DF1BDD /* ViewController.swift in Sources */,
				52DB39AA2BA79CD000DF1BDD /* AppDelegate.swift in Sources */,
				521A9C1D2BAA50600072C867 /* UserCardTableViewCell.swift in Sources */,
				521A9C302BACC83D0072C867 /* UserNotFindedView.swift in Sources */,
				521A9C232BAB0E0F0072C867 /* CategoryCell.swift in Sources */,
				52DB39C12BA7A78300DF1BDD /* BaseView.swift in Sources */,
				52DB39BF2BA7A75800DF1BDD /* BaseController.swift in Sources */,
				521A9C1B2BAA4DB50072C867 /* APIManager.swift in Sources */,
				521A9C162BAA498A0072C867 /* UserCard.swift in Sources */,
				521A9C2A2BAB8DCA0072C867 /* DateFunc.swift in Sources */,
				521A9C012BAA00CC0072C867 /* Resouces.swift in Sources */,
				52DB39AC2BA79CD000DF1BDD /* SceneDelegate.swift in Sources */,
				521A9C252BAB82AF0072C867 /* SearchView.swift in Sources */,
				521A9C212BAB0D290072C867 /* NavBarView.swift in Sources */,
				521A9C142BAA49400072C867 /* EmptyUserCard.swift in Sources */,
				521A9C282BAB8DB00072C867 /* Filter.swift in Sources */,
				521A9C2C2BAC993C0072C867 /* FilterController.swift in Sources */,
				521A9C192BAA4D800072C867 /* UsersData.swift in Sources */,
				521A9C2E2BACA94F0072C867 /* UserCardController.swift in Sources */,
				521A9C032BAA01060072C867 /* UIColor + ext.swift in Sources */,
			);
			runOnlyForDeploymentPostprocessing = 0;
		};
/* End PBXSourcesBuildPhase section */

/* Begin PBXVariantGroup section */
		52DB39B42BA79CD200DF1BDD /* LaunchScreen.storyboard */ = {
			isa = PBXVariantGroup;
			children = (
				52DB39B52BA79CD200DF1BDD /* Base */,
			);
			name = LaunchScreen.storyboard;
			sourceTree = "<group>";
		};
/* End PBXVariantGroup section */

/* Begin XCBuildConfiguration section */
		52DB39B82BA79CD200DF1BDD /* Debug */ = {
			isa = XCBuildConfiguration;
			buildSettings = {
				ALWAYS_SEARCH_USER_PATHS = NO;
				ASSETCATALOG_COMPILER_GENERATE_SWIFT_ASSET_SYMBOL_EXTENSIONS = YES;
				CLANG_ANALYZER_NONNULL = YES;
				CLANG_ANALYZER_NUMBER_OBJECT_CONVERSION = YES_AGGRESSIVE;
				CLANG_CXX_LANGUAGE_STANDARD = "gnu++20";
				CLANG_ENABLE_MODULES = YES;
				CLANG_ENABLE_OBJC_ARC = YES;
				CLANG_ENABLE_OBJC_WEAK = YES;
				CLANG_WARN_BLOCK_CAPTURE_AUTORELEASING = YES;
				CLANG_WARN_BOOL_CONVERSION = YES;
				CLANG_WARN_COMMA = YES;
				CLANG_WARN_CONSTANT_CONVERSION = YES;
				CLANG_WARN_DEPRECATED_OBJC_IMPLEMENTATIONS = YES;
				CLANG_WARN_DIRECT_OBJC_ISA_USAGE = YES_ERROR;
				CLANG_WARN_DOCUMENTATION_COMMENTS = YES;
				CLANG_WARN_EMPTY_BODY = YES;
				CLANG_WARN_ENUM_CONVERSION = YES;
				CLANG_WARN_INFINITE_RECURSION = YES;
				CLANG_WARN_INT_CONVERSION = YES;
				CLANG_WARN_NON_LITERAL_NULL_CONVERSION = YES;
				CLANG_WARN_OBJC_IMPLICIT_RETAIN_SELF = YES;
				CLANG_WARN_OBJC_LITERAL_CONVERSION = YES;
				CLANG_WARN_OBJC_ROOT_CLASS = YES_ERROR;
				CLANG_WARN_QUOTED_INCLUDE_IN_FRAMEWORK_HEADER = YES;
				CLANG_WARN_RANGE_LOOP_ANALYSIS = YES;
				CLANG_WARN_STRICT_PROTOTYPES = YES;
				CLANG_WARN_SUSPICIOUS_MOVE = YES;
				CLANG_WARN_UNGUARDED_AVAILABILITY = YES_AGGRESSIVE;
				CLANG_WARN_UNREACHABLE_CODE = YES;
				CLANG_WARN__DUPLICATE_METHOD_MATCH = YES;
				COPY_PHASE_STRIP = NO;
				DEBUG_INFORMATION_FORMAT = dwarf;
				ENABLE_STRICT_OBJC_MSGSEND = YES;
				ENABLE_TESTABILITY = YES;
				ENABLE_USER_SCRIPT_SANDBOXING = YES;
				GCC_C_LANGUAGE_STANDARD = gnu17;
				GCC_DYNAMIC_NO_PIC = NO;
				GCC_NO_COMMON_BLOCKS = YES;
				GCC_OPTIMIZATION_LEVEL = 0;
				GCC_PREPROCESSOR_DEFINITIONS = (
					"DEBUG=1",
					"$(inherited)",
				);
				GCC_WARN_64_TO_32_BIT_CONVERSION = YES;
				GCC_WARN_ABOUT_RETURN_TYPE = YES_ERROR;
				GCC_WARN_UNDECLARED_SELECTOR = YES;
				GCC_WARN_UNINITIALIZED_AUTOS = YES_AGGRESSIVE;
				GCC_WARN_UNUSED_FUNCTION = YES;
				GCC_WARN_UNUSED_VARIABLE = YES;
				IPHONEOS_DEPLOYMENT_TARGET = 15.0;
				LOCALIZATION_PREFERS_STRING_CATALOGS = YES;
				MTL_ENABLE_DEBUG_INFO = INCLUDE_SOURCE;
				MTL_FAST_MATH = YES;
				ONLY_ACTIVE_ARCH = YES;
				SDKROOT = iphoneos;
				SWIFT_ACTIVE_COMPILATION_CONDITIONS = "DEBUG $(inherited)";
				SWIFT_OPTIMIZATION_LEVEL = "-Onone";
			};
			name = Debug;
		};
		52DB39B92BA79CD200DF1BDD /* Release */ = {
			isa = XCBuildConfiguration;
			buildSettings = {
				ALWAYS_SEARCH_USER_PATHS = NO;
				ASSETCATALOG_COMPILER_GENERATE_SWIFT_ASSET_SYMBOL_EXTENSIONS = YES;
				CLANG_ANALYZER_NONNULL = YES;
				CLANG_ANALYZER_NUMBER_OBJECT_CONVERSION = YES_AGGRESSIVE;
				CLANG_CXX_LANGUAGE_STANDARD = "gnu++20";
				CLANG_ENABLE_MODULES = YES;
				CLANG_ENABLE_OBJC_ARC = YES;
				CLANG_ENABLE_OBJC_WEAK = YES;
				CLANG_WARN_BLOCK_CAPTURE_AUTORELEASING = YES;
				CLANG_WARN_BOOL_CONVERSION = YES;
				CLANG_WARN_COMMA = YES;
				CLANG_WARN_CONSTANT_CONVERSION = YES;
				CLANG_WARN_DEPRECATED_OBJC_IMPLEMENTATIONS = YES;
				CLANG_WARN_DIRECT_OBJC_ISA_USAGE = YES_ERROR;
				CLANG_WARN_DOCUMENTATION_COMMENTS = YES;
				CLANG_WARN_EMPTY_BODY = YES;
				CLANG_WARN_ENUM_CONVERSION = YES;
				CLANG_WARN_INFINITE_RECURSION = YES;
				CLANG_WARN_INT_CONVERSION = YES;
				CLANG_WARN_NON_LITERAL_NULL_CONVERSION = YES;
				CLANG_WARN_OBJC_IMPLICIT_RETAIN_SELF = YES;
				CLANG_WARN_OBJC_LITERAL_CONVERSION = YES;
				CLANG_WARN_OBJC_ROOT_CLASS = YES_ERROR;
				CLANG_WARN_QUOTED_INCLUDE_IN_FRAMEWORK_HEADER = YES;
				CLANG_WARN_RANGE_LOOP_ANALYSIS = YES;
				CLANG_WARN_STRICT_PROTOTYPES = YES;
				CLANG_WARN_SUSPICIOUS_MOVE = YES;
				CLANG_WARN_UNGUARDED_AVAILABILITY = YES_AGGRESSIVE;
				CLANG_WARN_UNREACHABLE_CODE = YES;
				CLANG_WARN__DUPLICATE_METHOD_MATCH = YES;
				COPY_PHASE_STRIP = NO;
				DEBUG_INFORMATION_FORMAT = "dwarf-with-dsym";
				ENABLE_NS_ASSERTIONS = NO;
				ENABLE_STRICT_OBJC_MSGSEND = YES;
				ENABLE_USER_SCRIPT_SANDBOXING = YES;
				GCC_C_LANGUAGE_STANDARD = gnu17;
				GCC_NO_COMMON_BLOCKS = YES;
				GCC_WARN_64_TO_32_BIT_CONVERSION = YES;
				GCC_WARN_ABOUT_RETURN_TYPE = YES_ERROR;
				GCC_WARN_UNDECLARED_SELECTOR = YES;
				GCC_WARN_UNINITIALIZED_AUTOS = YES_AGGRESSIVE;
				GCC_WARN_UNUSED_FUNCTION = YES;
				GCC_WARN_UNUSED_VARIABLE = YES;
				IPHONEOS_DEPLOYMENT_TARGET = 15.0;
				LOCALIZATION_PREFERS_STRING_CATALOGS = YES;
				MTL_ENABLE_DEBUG_INFO = NO;
				MTL_FAST_MATH = YES;
				SDKROOT = iphoneos;
				SWIFT_COMPILATION_MODE = wholemodule;
				VALIDATE_PRODUCT = YES;
			};
			name = Release;
		};
		52DB39BB2BA79CD200DF1BDD /* Debug */ = {
			isa = XCBuildConfiguration;
			buildSettings = {
				ASSETCATALOG_COMPILER_APPICON_NAME = AppIcon;
				ASSETCATALOG_COMPILER_GLOBAL_ACCENT_COLOR_NAME = AccentColor;
				CODE_SIGN_STYLE = Automatic;
				CURRENT_PROJECT_VERSION = 1;
				DEVELOPMENT_TEAM = GV86HGR9W9;
				GENERATE_INFOPLIST_FILE = YES;
				INFOPLIST_FILE = KODE/SupportingFiles/Info.plist;
				INFOPLIST_KEY_UIApplicationSupportsIndirectInputEvents = YES;
				INFOPLIST_KEY_UILaunchStoryboardName = LaunchScreen;
				INFOPLIST_KEY_UIMainStoryboardFile = "";
				INFOPLIST_KEY_UISupportedInterfaceOrientations_iPad = "UIInterfaceOrientationPortrait UIInterfaceOrientationPortraitUpsideDown UIInterfaceOrientationLandscapeLeft UIInterfaceOrientationLandscapeRight";
				INFOPLIST_KEY_UISupportedInterfaceOrientations_iPhone = "UIInterfaceOrientationPortrait UIInterfaceOrientationLandscapeLeft UIInterfaceOrientationLandscapeRight";
				LD_RUNPATH_SEARCH_PATHS = (
					"$(inherited)",
					"@executable_path/Frameworks",
				);
				MARKETING_VERSION = 1.0;
				PRODUCT_BUNDLE_IDENTIFIER = com.KODE;
				PRODUCT_NAME = "$(TARGET_NAME)";
				SWIFT_EMIT_LOC_STRINGS = YES;
				SWIFT_VERSION = 5.0;
				TARGETED_DEVICE_FAMILY = "1,2";
			};
			name = Debug;
		};
		52DB39BC2BA79CD200DF1BDD /* Release */ = {
			isa = XCBuildConfiguration;
			buildSettings = {
				ASSETCATALOG_COMPILER_APPICON_NAME = AppIcon;
				ASSETCATALOG_COMPILER_GLOBAL_ACCENT_COLOR_NAME = AccentColor;
				CODE_SIGN_STYLE = Automatic;
				CURRENT_PROJECT_VERSION = 1;
				DEVELOPMENT_TEAM = GV86HGR9W9;
				GENERATE_INFOPLIST_FILE = YES;
				INFOPLIST_FILE = KODE/SupportingFiles/Info.plist;
				INFOPLIST_KEY_UIApplicationSupportsIndirectInputEvents = YES;
				INFOPLIST_KEY_UILaunchStoryboardName = LaunchScreen;
				INFOPLIST_KEY_UIMainStoryboardFile = "";
				INFOPLIST_KEY_UISupportedInterfaceOrientations_iPad = "UIInterfaceOrientationPortrait UIInterfaceOrientationPortraitUpsideDown UIInterfaceOrientationLandscapeLeft UIInterfaceOrientationLandscapeRight";
				INFOPLIST_KEY_UISupportedInterfaceOrientations_iPhone = "UIInterfaceOrientationPortrait UIInterfaceOrientationLandscapeLeft UIInterfaceOrientationLandscapeRight";
				LD_RUNPATH_SEARCH_PATHS = (
					"$(inherited)",
					"@executable_path/Frameworks",
				);
				MARKETING_VERSION = 1.0;
				PRODUCT_BUNDLE_IDENTIFIER = com.KODE;
				PRODUCT_NAME = "$(TARGET_NAME)";
				SWIFT_EMIT_LOC_STRINGS = YES;
				SWIFT_VERSION = 5.0;
				TARGETED_DEVICE_FAMILY = "1,2";
			};
			name = Release;
		};
/* End XCBuildConfiguration section */

/* Begin XCConfigurationList section */
		52DB39A12BA79CD000DF1BDD /* Build configuration list for PBXProject "KODE" */ = {
			isa = XCConfigurationList;
			buildConfigurations = (
				52DB39B82BA79CD200DF1BDD /* Debug */,
				52DB39B92BA79CD200DF1BDD /* Release */,
			);
			defaultConfigurationIsVisible = 0;
			defaultConfigurationName = Release;
		};
		52DB39BA2BA79CD200DF1BDD /* Build configuration list for PBXNativeTarget "KODE" */ = {
			isa = XCConfigurationList;
			buildConfigurations = (
				52DB39BB2BA79CD200DF1BDD /* Debug */,
				52DB39BC2BA79CD200DF1BDD /* Release */,
			);
			defaultConfigurationIsVisible = 0;
			defaultConfigurationName = Release;
		};
/* End XCConfigurationList section */
	};
	rootObject = 52DB399E2BA79CD000DF1BDD /* Project object */;
}
